
Microsoft Visual Studio Solution File, Format Version 12.00
# Visual Studio Version 17
VisualStudioVersion = 17.8.34511.84
MinimumVisualStudioVersion = 10.0.40219.1
Project("{FAE04EC0-301F-11D3-BF4B-00C04F79EFBC}") = "task8", "task8\task8.csproj", "{BEFE636F-F3B1-4BF4-9855-637CA3667FD1}"
EndProject
Global
	GlobalSection(SolutionConfigurationPlatforms) = preSolution
		Debug|Any CPU = Debug|Any CPU
		Release|Any CPU = Release|Any CPU
	EndGlobalSection
	GlobalSection(ProjectConfigurationPlatforms) = postSolution
		{BEFE636F-F3B1-4BF4-9855-637CA3667FD1}.Debug|Any CPU.ActiveCfg = Debug|Any CPU
		{BEFE636F-F3B1-4BF4-9855-637CA3667FD1}.Debug|Any CPU.Build.0 = Debug|Any CPU
		{BEFE636F-F3B1-4BF4-9855-637CA3667FD1}.Release|Any CPU.ActiveCfg = Release|Any CPU
		{BEFE636F-F3B1-4BF4-9855-637CA3667FD1}.Release|Any CPU.Build.0 = Release|Any CPU
	EndGlobalSection
	GlobalSection(SolutionProperties) = preSolution
		HideSolutionNode = FALSE
	EndGlobalSection
	GlobalSection(ExtensibilityGlobals) = postSolution
		SolutionGuid = {128FB912-7F67-44E2-AE12-FF291C814FCC}
	EndGlobalSection
EndGlobal
